
Microsoft Visual Studio Solution File, Format Version 12.00
# Visual Studio Version 16
VisualStudioVersion = 16.0.31112.23
MinimumVisualStudioVersion = 10.0.40219.1
Project("{9A19103F-16F7-4668-BE54-9A1E7A4F7556}") = "ArenaFighter", "ArenaFighter.csproj", "{3579ED62-B40C-4788-9F4C-91C7F2C7A4E1}"
EndProject
Project("{FAE04EC0-301F-11D3-BF4B-00C04F79EFBC}") = "ArenaFighterTest", "..\ArenaFighterTest\ArenaFighterTest.csproj", "{B4589ECD-9745-4233-8B21-F70CBF850595}"
EndProject
Project("{FAE04EC0-301F-11D3-BF4B-00C04F79EFBC}") = "RPGKit.FantasyNameGenerator", "..\FantasyNameGenerator-master\src\RPGKit.FantasyNameGenerator\RPGKit.FantasyNameGenerator.csproj", "{76C08384-8930-475B-8DA4-B9EE1D3C58A1}"
EndProject
Global
	GlobalSection(SolutionConfigurationPlatforms) = preSolution
		Debug|Any CPU = Debug|Any CPU
		Release|Any CPU = Release|Any CPU
	EndGlobalSection
	GlobalSection(ProjectConfigurationPlatforms) = postSolution
		{3579ED62-B40C-4788-9F4C-91C7F2C7A4E1}.Debug|Any CPU.ActiveCfg = Debug|Any CPU
		{3579ED62-B40C-4788-9F4C-91C7F2C7A4E1}.Debug|Any CPU.Build.0 = Debug|Any CPU
		{3579ED62-B40C-4788-9F4C-91C7F2C7A4E1}.Release|Any CPU.ActiveCfg = Release|Any CPU
		{3579ED62-B40C-4788-9F4C-91C7F2C7A4E1}.Release|Any CPU.Build.0 = Release|Any CPU
		{B4589ECD-9745-4233-8B21-F70CBF850595}.Debug|Any CPU.ActiveCfg = Debug|Any CPU
		{B4589ECD-9745-4233-8B21-F70CBF850595}.Debug|Any CPU.Build.0 = Debug|Any CPU
		{B4589ECD-9745-4233-8B21-F70CBF850595}.Release|Any CPU.ActiveCfg = Release|Any CPU
		{B4589ECD-9745-4233-8B21-F70CBF850595}.Release|Any CPU.Build.0 = Release|Any CPU
		{76C08384-8930-475B-8DA4-B9EE1D3C58A1}.Debug|Any CPU.ActiveCfg = Debug|Any CPU
		{76C08384-8930-475B-8DA4-B9EE1D3C58A1}.Debug|Any CPU.Build.0 = Debug|Any CPU
		{76C08384-8930-475B-8DA4-B9EE1D3C58A1}.Release|Any CPU.ActiveCfg = Release|Any CPU
		{76C08384-8930-475B-8DA4-B9EE1D3C58A1}.Release|Any CPU.Build.0 = Release|Any CPU
	EndGlobalSection
	GlobalSection(SolutionProperties) = preSolution
		HideSolutionNode = FALSE
	EndGlobalSection
	GlobalSection(ExtensibilityGlobals) = postSolution
		SolutionGuid = {CBB3E536-B6D1-452A-B53E-BD6573482E64}
	EndGlobalSection
EndGlobal
